Microsoft Visual Studio Solution File, Format Version 11.00
# Visual Studio 2008

Project("{9DCDBB68-A8A6-3CAA-2937-9592F4D2017F}") = "Olympus", "Assembly-CSharp.csproj", "{21050DC7-8F9E-2E9C-6BF0-558DE208E776}"
EndProject
Global
	GlobalSection(SolutionConfigurationPlatforms) = preSolution
		Debug|Any CPU = Debug|Any CPU
		Release|Any CPU = Release|Any CPU
	EndGlobalSection
	GlobalSection(ProjectConfigurationPlatforms) = postSolution
		{21050DC7-8F9E-2E9C-6BF0-558DE208E776}.Debug|Any CPU.ActiveCfg = Debug|Any CPU
		{21050DC7-8F9E-2E9C-6BF0-558DE208E776}.Debug|Any CPU.Build.0 = Debug|Any CPU
		{21050DC7-8F9E-2E9C-6BF0-558DE208E776}.Release|Any CPU.ActiveCfg = Release|Any CPU
		{21050DC7-8F9E-2E9C-6BF0-558DE208E776}.Release|Any CPU.Build.0 = Release|Any CPU
	EndGlobalSection
	GlobalSection(SolutionProperties) = preSolution
		HideSolutionNode = FALSE
	EndGlobalSection
	GlobalSection(MonoDevelopProperties) = preSolution
		StartupItem = Assembly-CSharp.csproj
	EndGlobalSection
EndGlobal
